
Microsoft Visual Studio Solution File, Format Version 12.00
# Visual Studio Version 17
VisualStudioVersion = 17.2.32630.192
MinimumVisualStudioVersion = 10.0.40219.1
Project("{9A19103F-16F7-4668-BE54-9A1E7A4F7556}") = "web1", "web1\web1.csproj", "{9A0C841F-5BB2-4E5D-9D0E-416A5942F36D}"
EndProject
Project("{9A19103F-16F7-4668-BE54-9A1E7A4F7556}") = "web2", "web2\web2.csproj", "{EC372C73-92DD-4286-ADC7-86CE0ABDA572}"
EndProject
Project("{9A19103F-16F7-4668-BE54-9A1E7A4F7556}") = "web3", "web3\web3.csproj", "{2EB376B1-F054-421B-BA27-8DFD3855A7B7}"
EndProject
Project("{9A19103F-16F7-4668-BE54-9A1E7A4F7556}") = "web4", "web4\web4.csproj", "{D75BEEFE-A33A-4FB1-89A9-7C090D300F45}"
EndProject
Project("{9A19103F-16F7-4668-BE54-9A1E7A4F7556}") = "web5", "web5\web5.csproj", "{BCC0D9DF-0AC3-41B2-96D7-38820A215907}"
EndProject
Project("{9A19103F-16F7-4668-BE54-9A1E7A4F7556}") = "web6", "web6\web6.csproj", "{DC768831-DB6A-4282-9916-9340678E3B0C}"
EndProject
Project("{9A19103F-16F7-4668-BE54-9A1E7A4F7556}") = "web7", "web7\web7.csproj", "{B5A9C02A-E213-45D0-8879-41D3CB92AC5F}"
EndProject
Project("{9A19103F-16F7-4668-BE54-9A1E7A4F7556}") = "web8", "web8\web8.csproj", "{7E5051E1-2FFA-48E3-890B-03C4BCFD1354}"
EndProject
Project("{9A19103F-16F7-4668-BE54-9A1E7A4F7556}") = "web9", "web9\web9.csproj", "{68A1B9DE-55A4-4FCB-B742-298B91CBAF2B}"
EndProject
Project("{9A19103F-16F7-4668-BE54-9A1E7A4F7556}") = "web10", "web10\web10.csproj", "{75513BE8-6DB9-40FB-96C9-954745187722}"
EndProject
Project("{FAE04EC0-301F-11D3-BF4B-00C04F79EFBC}") = "web11", "web11\web11.csproj", "{367DBF32-4515-47D7-8DF2-88E3C011574A}"
EndProject
Global
	GlobalSection(SolutionConfigurationPlatforms) = preSolution
		Debug|Any CPU = Debug|Any CPU
		Release|Any CPU = Release|Any CPU
	EndGlobalSection
	GlobalSection(ProjectConfigurationPlatforms) = postSolution
		{9A0C841F-5BB2-4E5D-9D0E-416A5942F36D}.Debug|Any CPU.ActiveCfg = Debug|Any CPU
		{9A0C841F-5BB2-4E5D-9D0E-416A5942F36D}.Debug|Any CPU.Build.0 = Debug|Any CPU
		{9A0C841F-5BB2-4E5D-9D0E-416A5942F36D}.Release|Any CPU.ActiveCfg = Release|Any CPU
		{9A0C841F-5BB2-4E5D-9D0E-416A5942F36D}.Release|Any CPU.Build.0 = Release|Any CPU
		{EC372C73-92DD-4286-ADC7-86CE0ABDA572}.Debug|Any CPU.ActiveCfg = Debug|Any CPU
		{EC372C73-92DD-4286-ADC7-86CE0ABDA572}.Debug|Any CPU.Build.0 = Debug|Any CPU
		{EC372C73-92DD-4286-ADC7-86CE0ABDA572}.Release|Any CPU.ActiveCfg = Release|Any CPU
		{EC372C73-92DD-4286-ADC7-86CE0ABDA572}.Release|Any CPU.Build.0 = Release|Any CPU
		{2EB376B1-F054-421B-BA27-8DFD3855A7B7}.Debug|Any CPU.ActiveCfg = Debug|Any CPU
		{2EB376B1-F054-421B-BA27-8DFD3855A7B7}.Debug|Any CPU.Build.0 = Debug|Any CPU
		{2EB376B1-F054-421B-BA27-8DFD3855A7B7}.Release|Any CPU.ActiveCfg = Release|Any CPU
		{2EB376B1-F054-421B-BA27-8DFD3855A7B7}.Release|Any CPU.Build.0 = Release|Any CPU
		{D75BEEFE-A33A-4FB1-89A9-7C090D300F45}.Debug|Any CPU.ActiveCfg = Debug|Any CPU
		{D75BEEFE-A33A-4FB1-89A9-7C090D300F45}.Debug|Any CPU.Build.0 = Debug|Any CPU
		{D75BEEFE-A33A-4FB1-89A9-7C090D300F45}.Release|Any CPU.ActiveCfg = Release|Any CPU
		{D75BEEFE-A33A-4FB1-89A9-7C090D300F45}.Release|Any CPU.Build.0 = Release|Any CPU
		{BCC0D9DF-0AC3-41B2-96D7-38820A215907}.Debug|Any CPU.ActiveCfg = Debug|Any CPU
		{BCC0D9DF-0AC3-41B2-96D7-38820A215907}.Debug|Any CPU.Build.0 = Debug|Any CPU
		{BCC0D9DF-0AC3-41B2-96D7-38820A215907}.Release|Any CPU.ActiveCfg = Release|Any CPU
		{BCC0D9DF-0AC3-41B2-96D7-38820A215907}.Release|Any CPU.Build.0 = Release|Any CPU
		{DC768831-DB6A-4282-9916-9340678E3B0C}.Debug|Any CPU.ActiveCfg = Debug|Any CPU
		{DC768831-DB6A-4282-9916-9340678E3B0C}.Debug|Any CPU.Build.0 = Debug|Any CPU
		{DC768831-DB6A-4282-9916-9340678E3B0C}.Release|Any CPU.ActiveCfg = Release|Any CPU
		{DC768831-DB6A-4282-9916-9340678E3B0C}.Release|Any CPU.Build.0 = Release|Any CPU
		{B5A9C02A-E213-45D0-8879-41D3CB92AC5F}.Debug|Any CPU.ActiveCfg = Debug|Any CPU
		{B5A9C02A-E213-45D0-8879-41D3CB92AC5F}.Debug|Any CPU.Build.0 = Debug|Any CPU
		{B5A9C02A-E213-45D0-8879-41D3CB92AC5F}.Release|Any CPU.ActiveCfg = Release|Any CPU
		{B5A9C02A-E213-45D0-8879-41D3CB92AC5F}.Release|Any CPU.Build.0 = Release|Any CPU
		{7E5051E1-2FFA-48E3-890B-03C4BCFD1354}.Debug|Any CPU.ActiveCfg = Debug|Any CPU
		{7E5051E1-2FFA-48E3-890B-03C4BCFD1354}.Debug|Any CPU.Build.0 = Debug|Any CPU
		{7E5051E1-2FFA-48E3-890B-03C4BCFD1354}.Release|Any CPU.ActiveCfg = Release|Any CPU
		{7E5051E1-2FFA-48E3-890B-03C4BCFD1354}.Release|Any CPU.Build.0 = Release|Any CPU
		{68A1B9DE-55A4-4FCB-B742-298B91CBAF2B}.Debug|Any CPU.ActiveCfg = Debug|Any CPU
		{68A1B9DE-55A4-4FCB-B742-298B91CBAF2B}.Debug|Any CPU.Build.0 = Debug|Any CPU
		{68A1B9DE-55A4-4FCB-B742-298B91CBAF2B}.Release|Any CPU.ActiveCfg = Release|Any CPU
		{68A1B9DE-55A4-4FCB-B742-298B91CBAF2B}.Release|Any CPU.Build.0 = Release|Any CPU
		{75513BE8-6DB9-40FB-96C9-954745187722}.Debug|Any CPU.ActiveCfg = Debug|Any CPU
		{75513BE8-6DB9-40FB-96C9-954745187722}.Debug|Any CPU.Build.0 = Debug|Any CPU
		{75513BE8-6DB9-40FB-96C9-954745187722}.Release|Any CPU.ActiveCfg = Release|Any CPU
		{75513BE8-6DB9-40FB-96C9-954745187722}.Release|Any CPU.Build.0 = Release|Any CPU
		{367DBF32-4515-47D7-8DF2-88E3C011574A}.Debug|Any CPU.ActiveCfg = Debug|Any CPU
		{367DBF32-4515-47D7-8DF2-88E3C011574A}.Debug|Any CPU.Build.0 = Debug|Any CPU
		{367DBF32-4515-47D7-8DF2-88E3C011574A}.Release|Any CPU.ActiveCfg = Release|Any CPU
		{367DBF32-4515-47D7-8DF2-88E3C011574A}.Release|Any CPU.Build.0 = Release|Any CPU
	EndGlobalSection
	GlobalSection(SolutionProperties) = preSolution
		HideSolutionNode = FALSE
	EndGlobalSection
	GlobalSection(ExtensibilityGlobals) = postSolution
		SolutionGuid = {D24A4BE8-869F-475C-852B-5D90501B3614}
	EndGlobalSection
EndGlobal
